
Microsoft Visual Studio Solution File, Format Version 12.00
# Visual Studio 15
VisualStudioVersion = 15.0.27004.2005
MinimumVisualStudioVersion = 10.0.40219.1
Project("{FAE04EC0-301F-11D3-BF4B-00C04F79EFBC}") = "Lab14", "Lab14\Lab14.csproj", "{1D5C58A3-1B84-4229-BA15-B66718FA9395}"
EndProject
Global
	GlobalSection(SolutionConfigurationPlatforms) = preSolution
		Debug|Any CPU = Debug|Any CPU
		Release|Any CPU = Release|Any CPU
	EndGlobalSection
	GlobalSection(ProjectConfigurationPlatforms) = postSolution
		{1D5C58A3-1B84-4229-BA15-B66718FA9395}.Debug|Any CPU.ActiveCfg = Debug|Any CPU
		{1D5C58A3-1B84-4229-BA15-B66718FA9395}.Debug|Any CPU.Build.0 = Debug|Any CPU
		{1D5C58A3-1B84-4229-BA15-B66718FA9395}.Release|Any CPU.ActiveCfg = Release|Any CPU
		{1D5C58A3-1B84-4229-BA15-B66718FA9395}.Release|Any CPU.Build.0 = Release|Any CPU
	EndGlobalSection
	GlobalSection(SolutionProperties) = preSolution
		HideSolutionNode = FALSE
	EndGlobalSection
	GlobalSection(ExtensibilityGlobals) = postSolution
		SolutionGuid = {0F145F51-F8C9-447B-8D86-DA7375C3BF74}
	EndGlobalSection
EndGlobal
